# This file is autogenerated, do not edit; changes may be undone by the next 'dep ensure'.


[[projects]]
  name = "github.com/davecgh/go-spew"
  packages = ["spew"]
  revision = "346938d642f2ec3594ed81d874461961cd0faa76"
  version = "v1.1.0"

[[projects]]
  name = "github.com/dgrijalva/jwt-go"
  packages = ["."]
  revision = "dbeaa9332f19a944acb5736b4456cfcc02140e29"
  version = "v3.1.0"

[[projects]]
  name = "github.com/labstack/echo"
  packages = [
    ".",
    "middleware"
  ]
  revision = "b338075a0fc6e1a0683dbf03d09b4957a289e26f"
  version = "3.2.6"

[[projects]]
  name = "github.com/labstack/gommon"
  packages = [
    "bytes",
    "color",
    "log",
    "random"
  ]
  revision = "57409ada9da0f2afad6664c49502f8c50fbd8476"
  version = "0.2.3"

[[projects]]
  name = "github.com/mattn/go-colorable"
  packages = ["."]
  revision = "ed8eb9e318d7a84ce5915b495b7d35e0cfe7b5a8"
  version = "v0.0.6"

[[projects]]
  name = "github.com/mattn/go-isatty"
  packages = ["."]
  revision = "66b8e73f3f5cda9f96b69efd03dd3d7fc4a5cdb8"

[[projects]]
  name = "github.com/pmezard/go-difflib"
  packages = ["difflib"]
  revision = "792786c7400a136282c1664665ae0a8db921c6c2"
  version = "v1.0.0"

[[projects]]
  name = "github.com/radovskyb/watcher"
  packages = ["."]
  revision = "6145e1439b9de93806925353403f91d2abbad8a5"
  version = "v1.0.2"

[[projects]]
  branch = "master"
  name = "github.com/skratchdot/open-golang"
  packages = ["open"]
  revision = "75fb7ed4208cf72d323d7d02fd1a5964a7a9073c"

[[projects]]
  name = "github.com/stretchr/testify"
  packages = ["assert"]
  revision = "12b6f73e6084dad08a7c6e575284b177ecafbc71"
  version = "v1.2.1"

[[projects]]
  branch = "master"
  name = "github.com/valyala/bytebufferpool"
  packages = ["."]
  revision = "e746df99fe4a3986f4d4f79e13c1e0117ce9c2f7"

[[projects]]
  branch = "master"
  name = "github.com/valyala/fasttemplate"
  packages = ["."]
  revision = "dcecefd839c4193db0d35b88ec65b4c12d360ab0"

[[projects]]
  branch = "master"
  name = "golang.org/x/crypto"
  packages = [
    "acme",
    "acme/autocert"
  ]
  revision = "91a49db82a88618983a78a06c1cbd4e00ab749ab"

[[projects]]
  branch = "master"
  name = "golang.org/x/net"
  packages = ["websocket"]
  revision = "22ae77b79946ea320088417e4d50825671d82d57"

[[projects]]
  branch = "master"
  name = "golang.org/x/sys"
  packages = ["unix"]
  revision = "dd2ff4accc098aceecb86b36eaa7829b2a17b1c9"

[solve-meta]
  analyzer-name = "dep"
  analyzer-version = 1
  inputs-digest = "8936c667bedf1a7ddb2e472e8d064bacf87e8366f3c66e7d465d6138da5d207d"
  solver-name = "gps-cdcl"
  solver-version = 1
